41.neocities.org/protobuf v1.6.0 h1:xIpCFBVYqyZQ4RgZCaHdvmaxKYkOR3TaNgB8dx+26Fw=
41.neocities.org/protobuf v1.6.0/go.mod h1:nhuoexeiRjXmAbWQN21+Ta6/wfKYeqLWA33H6jgLf0s=
filippo.io/nistec v0.0.4 h1:F14ZHT5htWlMnQVPndX9ro9arf56cBhQxq4LnDI491s=
filippo.io/nistec v0.0.4/go.mod h1:PK/lw8I1gQT4hUML4QGaqljwdDaFcMyFKSXN7kjrtKI=
github.com/emmansun/gmsm v0.41.1 h1:mD1MqmaXTEqt+9UVmDpRYvcEMIa5vuslFEnw7IWp6/w=
github.com/emmansun/gmsm v0.41.1/go.mod h1:FD1EQk4XcSMkahZFzNwFoI/uXzAlODB9JVsJ9G5N7Do=
golang.org/x/sys v0.42.0 h1:omrd2nAlyT5ESRdCLYdm3+fMfNFE/+Rf4bDIQImRJeo=
golang.org/x/sys v0.42.0/go.mod h1:4GL1E5IUh+htKOUEOaiffhrAeqysfVGipDYzABqnCmw=
