41.neocities.org/protobuf v1.6.0 h1:xIpCFBVYqyZQ4RgZCaHdvmaxKYkOR3TaNgB8dx+26Fw=
41.neocities.org/protobuf v1.6.0/go.mod h1:nhuoexeiRjXmAbWQN21+Ta6/wfKYeqLWA33H6jgLf0s=
filippo.io/nistec v0.0.4 h1:F14ZHT5htWlMnQVPndX9ro9arf56cBhQxq4LnDI491s=
filippo.io/nistec v0.0.4/go.mod h1:PK/lw8I1gQT4hUML4QGaqljwdDaFcMyFKSXN7kjrtKI=
github.com/emmansun/gmsm v0.41.0 h1:F8F0HPhKAkiD3ZLcSNECVTIMLPcmVMCHJOr2F3NiEiU=
github.com/emmansun/gmsm v0.41.0/go.mod h1:EpQkChC2hxFAutJRbVNDGybWOVA0YGnfldnAfFG7F2M=
golang.org/x/sys v0.40.0 h1:DBZZqJ2Rkml6QMQsZywtnjnnGvHza6BTfYFWY9kjEWQ=
golang.org/x/sys v0.40.0/go.mod h1:OgkHotnGiDImocRcuBABYBEXf8A9a87e/uXjp9XT3ks=
